// !$*UTF8*$!
{
	archiveVersion = 1;
	classes = {
	};
	objectVersion = 46;
	objects = {

/* Begin PBXBuildFile section */
		3FA953701BA8BA2E000D2E0D /* AppDelegate.swift in Sources */ = {isa = PBXBuildFile; fileRef = 3FA9536F1BA8BA2E000D2E0D /* AppDelegate.swift */; };
		3FA953721BA8BA2E000D2E0D /* ViewController.swift in Sources */ = {isa = PBXBuildFile; fileRef = 3FA953711BA8BA2E000D2E0D /* ViewController.swift */; };
		3FA953751BA8BA2E000D2E0D /* Main.storyboard in Resources */ = {isa = PBXBuildFile; fileRef = 3FA953731BA8BA2E000D2E0D /* Main.storyboard */; };
		3FA953771BA8BA2E000D2E0D /* Images.xcassets in Resources */ = {isa = PBXBuildFile; fileRef = 3FA953761BA8BA2E000D2E0D /* Images.xcassets */; };
		3FA9537A1BA8BA2E000D2E0D /* LaunchScreen.xib in Resources */ = {isa = PBXBuildFile; fileRef = 3FA953781BA8BA2E000D2E0D /* LaunchScreen.xib */; };
		3FA953861BA8BA2E000D2E0D /* MemeMeTests.swift in Sources */ = {isa = PBXBuildFile; fileRef = 3FA953851BA8BA2E000D2E0D /* MemeMeTests.swift */; };
		3FAEFE4F1BAB26CA00A3A50B /* Meme.swift in Sources */ = {isa = PBXBuildFile; fileRef = 3FAEFE4E1BAB26CA00A3A50B /* Meme.swift */; };
/* End PBXBuildFile section */

/* Begin PBXContainerItemProxy section */
		3FA953801BA8BA2E000D2E0D /* PBXContainerItemProxy */ = {
			isa = PBXContainerItemProxy;
			containerPortal = 3FA953621BA8BA2D000D2E0D /* Project object */;
			proxyType = 1;
			remoteGlobalIDString = 3FA953691BA8BA2D000D2E0D;
			remoteInfo = MemeMe;
		};
/* End PBXContainerItemProxy section */

/* Begin PBXFileReference section */
		3FA9536A1BA8BA2D000D2E0D /* MemeMe.app */ = {isa = PBXFileReference; explicitFileType = wrapper.application; includeInIndex = 0; path = MemeMe.app; sourceTree = BUILT_PRODUCTS_DIR; };
		3FA9536E1BA8BA2D000D2E0D /* Info.plist */ = {isa = PBXFileReference; lastKnownFileType = text.plist.xml; path = Info.plist; sourceTree = "<group>"; };
		3FA9536F1BA8BA2E000D2E0D /* AppDelegate.swift */ = {isa = PBXFileReference; lastKnownFileType = sourcecode.swift; path = AppDelegate.swift; sourceTree = "<group>"; };
		3FA953711BA8BA2E000D2E0D /* ViewController.swift */ = {isa = PBXFileReference; lastKnownFileType = sourcecode.swift; path = ViewController.swift; sourceTree = "<group>"; };
		3FA953741BA8BA2E000D2E0D /* Base */ = {isa = PBXFileReference; lastKnownFileType = file.storyboard; name = Base; path = Base.lproj/Main.storyboard; sourceTree = "<group>"; };
		3FA953761BA8BA2E000D2E0D /* Images.xcassets */ = {isa = PBXFileReference; lastKnownFileType = folder.assetcatalog; path = Images.xcassets; sourceTree = "<group>"; };
		3FA953791BA8BA2E000D2E0D /* Base */ = {isa = PBXFileReference; lastKnownFileType = file.xib; name = Base; path = Base.lproj/LaunchScreen.xib; sourceTree = "<group>"; };
		3FA9537F1BA8BA2E000D2E0D /* MemeMeTests.xctest */ = {isa = PBXFileReference; explicitFileType = wrapper.cfbundle; includeInIndex = 0; path = MemeMeTests.xctest; sourceTree = BUILT_PRODUCTS_DIR; };
		3FA953841BA8BA2E000D2E0D /* Info.plist */ = {isa = PBXFileReference; lastKnownFileType = text.plist.xml; path = Info.plist; sourceTree = "<group>"; };
		3FA953851BA8BA2E000D2E0D /* MemeMeTests.swift */ = {isa = PBXFileReference; lastKnownFileType = sourcecode.swift; path = MemeMeTests.swift; sourceTree = "<group>"; };
		3FAEFE4E1BAB26CA00A3A50B /* Meme.swift */ = {isa = PBXFileReference; fileEncoding = 4; lastKnownFileType = sourcecode.swift; name = Meme.swift; path = ../Meme.swift; sourceTree = "<group>"; };
/* End PBXFileReference section */

/* Begin PBXFrameworksBuildPhase section */
		3FA953671BA8BA2D000D2E0D /* Frameworks */ = {
			isa = PBXFrameworksBuildPhase;
			buildActionMask = 2147483647;
			files = (
			);
			runOnlyForDeploymentPostprocessing = 0;
		};
		3FA9537C1BA8BA2E000D2E0D /* Frameworks */ = {
			isa = PBXFrameworksBuildPhase;
			buildActionMask = 2147483647;
			files = (
			);
			runOnlyForDeploymentPostprocessing = 0;
		};
/* End PBXFrameworksBuildPhase section */

/* Begin PBXGroup section */
		3FA953611BA8BA2D000D2E0D = {
			isa = PBXGroup;
			children = (
				3FA9536C1BA8BA2D000D2E0D /* MemeMe */,
				3FA953821BA8BA2E000D2E0D /* MemeMeTests */,
				3FA9536B1BA8BA2D000D2E0D /* Products */,
			);
			sourceTree = "<group>";
		};
		3FA9536B1BA8BA2D000D2E0D /* Products */ = {
			isa = PBXGroup;
			children = (
				3FA9536A1BA8BA2D000D2E0D /* MemeMe.app */,
				3FA9537F1BA8BA2E000D2E0D /* MemeMeTests.xctest */,
			);
			name = Products;
			sourceTree = "<group>";
		};
		3FA9536C1BA8BA2D000D2E0D /* MemeMe */ = {
			isa = PBXGroup;
			children = (
				3FAEFE4E1BAB26CA00A3A50B /* Meme.swift */,
				3FA9536F1BA8BA2E000D2E0D /* AppDelegate.swift */,
				3FA953711BA8BA2E000D2E0D /* ViewController.swift */,
				3FA953731BA8BA2E000D2E0D /* Main.storyboard */,
				3FA953761BA8BA2E000D2E0D /* Images.xcassets */,
				3FA953781BA8BA2E000D2E0D /* LaunchScreen.xib */,
				3FA9536D1BA8BA2D000D2E0D /* Supporting Files */,
			);
			path = MemeMe;
			sourceTree = "<group>";
		};
		3FA9536D1BA8BA2D000D2E0D /* Supporting Files */ = {
			isa = PBXGroup;
			children = (
				3FA9536E1BA8BA2D000D2E0D /* Info.plist */,
			);
			name = "Supporting Files";
			sourceTree = "<group>";
		};
		3FA953821BA8BA2E000D2E0D /* MemeMeTests */ = {
			isa = PBXGroup;
			children = (
				3FA953851BA8BA2E000D2E0D /* MemeMeTests.swift */,
				3FA953831BA8BA2E000D2E0D /* Supporting Files */,
			);
			path = MemeMeTests;
			sourceTree = "<group>";
		};
		3FA953831BA8BA2E000D2E0D /* Supporting Files */ = {
			isa = PBXGroup;
			children = (
				3FA953841BA8BA2E000D2E0D /* Info.plist */,
			);
			name = "Supporting Files";
			sourceTree = "<group>";
		};
/* End PBXGroup section */

/* Begin PBXNativeTarget section */
		3FA953691BA8BA2D000D2E0D /* MemeMe */ = {
			isa = PBXNativeTarget;
			buildConfigurationList = 3FA953891BA8BA2E000D2E0D /* Build configuration list for PBXNativeTarget "MemeMe" */;
			buildPhases = (
				3FA953661BA8BA2D000D2E0D /* Sources */,
				3FA953671BA8BA2D000D2E0D /* Frameworks */,
				3FA953681BA8BA2D000D2E0D /* Resources */,
			);
			buildRules = (
			);
			dependencies = (
			);
			name = MemeMe;
			productName = MemeMe;
			productReference = 3FA9536A1BA8BA2D000D2E0D /* MemeMe.app */;
			productType = "com.apple.product-type.application";
		};
		3FA9537E1BA8BA2E000D2E0D /* MemeMeTests */ = {
			isa = PBXNativeTarget;
			buildConfigurationList = 3FA9538C1BA8BA2E000D2E0D /* Build configuration list for PBXNativeTarget "MemeMeTests" */;
			buildPhases = (
				3FA9537B1BA8BA2E000D2E0D /* Sources */,
				3FA9537C1BA8BA2E000D2E0D /* Frameworks */,
				3FA9537D1BA8BA2E000D2E0D /* Resources */,
			);
			buildRules = (
			);
			dependencies = (
				3FA953811BA8BA2E000D2E0D /* PBXTargetDependency */,
			);
			name = MemeMeTests;
			productName = MemeMeTests;
			productReference = 3FA9537F1BA8BA2E000D2E0D /* MemeMeTests.xctest */;
			productType = "com.apple.product-type.bundle.unit-test";
		};
/* End PBXNativeTarget section */

/* Begin PBXProject section */
		3FA953621BA8BA2D000D2E0D /* Project object */ = {
			isa = PBXProject;
			attributes = {
				LastSwiftMigration = 0710;
				LastSwiftUpdateCheck = 0710;
				LastUpgradeCheck = 0710;
				ORGANIZATIONNAME = "Ilia Tikhomirov";
				TargetAttributes = {
					3FA953691BA8BA2D000D2E0D = {
						CreatedOnToolsVersion = 6.4;
					};
					3FA9537E1BA8BA2E000D2E0D = {
						CreatedOnToolsVersion = 6.4;
						TestTargetID = 3FA953691BA8BA2D000D2E0D;
					};
				};
			};
			buildConfigurationList = 3FA953651BA8BA2D000D2E0D /* Build configuration list for PBXProject "MemeMe" */;
			compatibilityVersion = "Xcode 3.2";
			developmentRegion = English;
			hasScannedForEncodings = 0;
			knownRegions = (
				en,
				Base,
			);
			mainGroup = 3FA953611BA8BA2D000D2E0D;
			productRefGroup = 3FA9536B1BA8BA2D000D2E0D /* Products */;
			projectDirPath = "";
			projectRoot = "";
			targets = (
				3FA953691BA8BA2D000D2E0D /* MemeMe */,
				3FA9537E1BA8BA2E000D2E0D /* MemeMeTests */,
			);
		};
/* End PBXProject section */

/* Begin PBXResourcesBuildPhase section */
		3FA953681BA8BA2D000D2E0D /* Resources */ = {
			isa = PBXResourcesBuildPhase;
			buildActionMask = 2147483647;
			files = (
				3FA953751BA8BA2E000D2E0D /* Main.storyboard in Resources */,
				3FA9537A1BA8BA2E000D2E0D /* LaunchScreen.xib in Resources */,
				3FA953771BA8BA2E000D2E0D /* Images.xcassets in Resources */,
			);
			runOnlyForDeploymentPostprocessing = 0;
		};
		3FA9537D1BA8BA2E000D2E0D /* Resources */ = {
			isa = PBXResourcesBuildPhase;
			buildActionMask = 2147483647;
			files = (
			);
			runOnlyForDeploymentPostprocessing = 0;
		};
/* End PBXResourcesBuildPhase section */

/* Begin PBXSourcesBuildPhase section */
		3FA953661BA8BA2D000D2E0D /* Sources */ = {
			isa = PBXSourcesBuildPhase;
			buildActionMask = 2147483647;
			files = (
				3FAEFE4F1BAB26CA00A3A50B /* Meme.swift in Sources */,
				3FA953721BA8BA2E000D2E0D /* ViewController.swift in Sources */,
				3FA953701BA8BA2E000D2E0D /* AppDelegate.swift in Sources */,
			);
			runOnlyForDeploymentPostprocessing = 0;
		};
		3FA9537B1BA8BA2E000D2E0D /* Sources */ = {
			isa = PBXSourcesBuildPhase;
			buildActionMask = 2147483647;
			files = (
				3FA953861BA8BA2E000D2E0D /* MemeMeTests.swift in Sources */,
			);
			runOnlyForDeploymentPostprocessing = 0;
		};
/* End PBXSourcesBuildPhase section */

/* Begin PBXTargetDependency section */
		3FA953811BA8BA2E000D2E0D /* PBXTargetDependency */ = {
			isa = PBXTargetDependency;
			target = 3FA953691BA8BA2D000D2E0D /* MemeMe */;
			targetProxy = 3FA953801BA8BA2E000D2E0D /* PBXContainerItemProxy */;
		};
/* End PBXTargetDependency section */

/* Begin PBXVariantGroup section */
		3FA953731BA8BA2E000D2E0D /* Main.storyboard */ = {
			isa = PBXVariantGroup;
			children = (
				3FA953741BA8BA2E000D2E0D /* Base */,
			);
			name = Main.storyboard;
			sourceTree = "<group>";
		};
		3FA953781BA8BA2E000D2E0D /* LaunchScreen.xib */ = {
			isa = PBXVariantGroup;
			children = (
				3FA953791BA8BA2E000D2E0D /* Base */,
			);
			name = LaunchScreen.xib;
			sourceTree = "<group>";
		};
/* End PBXVariantGroup section */

/* Begin XCBuildConfiguration section */
		3FA953871BA8BA2E000D2E0D /* Debug */ = {
			isa = XCBuildConfiguration;
			buildSettings = {
				ALWAYS_SEARCH_USER_PATHS = NO;
				CLANG_CXX_LANGUAGE_STANDARD = "gnu++0x";
				CLANG_CXX_LIBRARY = "libc++";
				CLANG_ENABLE_MODULES = YES;
				CLANG_ENABLE_OBJC_ARC = YES;
				CLANG_WARN_BOOL_CONVERSION = YES;
				CLANG_WARN_CONSTANT_CONVERSION = YES;
				CLANG_WARN_DIRECT_OBJC_ISA_USAGE = YES_ERROR;
				CLANG_WARN_EMPTY_BODY = YES;
				CLANG_WARN_ENUM_CONVERSION = YES;
				CLANG_WARN_INT_CONVERSION = YES;
				CLANG_WARN_OBJC_ROOT_CLASS = YES_ERROR;
				CLANG_WARN_UNREACHABLE_CODE = YES;
				CLANG_WARN__DUPLICATE_METHOD_MATCH = YES;
				"CODE_SIGN_IDENTITY[sdk=iphoneos*]" = "iPhone Developer";
				COPY_PHASE_STRIP = NO;
				DEBUG_INFORMATION_FORMAT = "dwarf-with-dsym";
				ENABLE_STRICT_OBJC_MSGSEND = YES;
				ENABLE_TESTABILITY = YES;
				GCC_C_LANGUAGE_STANDARD = gnu99;
				GCC_DYNAMIC_NO_PIC = NO;
				GCC_NO_COMMON_BLOCKS = YES;
				GCC_OPTIMIZATION_LEVEL = 0;
				GCC_PREPROCESSOR_DEFINITIONS = (
					"DEBUG=1",
					"$(inherited)",
				);
				GCC_SYMBOLS_PRIVATE_EXTERN = NO;
				GCC_WARN_64_TO_32_BIT_CONVERSION = YES;
				GCC_WARN_ABOUT_RETURN_TYPE = YES_ERROR;
				GCC_WARN_UNDECLARED_SELECTOR = YES;
				GCC_WARN_UNINITIALIZED_AUTOS = YES_AGGRESSIVE;
				GCC_WARN_UNUSED_FUNCTION = YES;
				GCC_WARN_UNUSED_VARIABLE = YES;
				IPHONEOS_DEPLOYMENT_TARGET = 8.4;
				MTL_ENABLE_DEBUG_INFO = YES;
				ONLY_ACTIVE_ARCH = YES;
				SDKROOT = iphoneos;
				SWIFT_OPTIMIZATION_LEVEL = "-Onone";
			};
			name = Debug;
		};
		3FA953881BA8BA2E000D2E0D /* Release */ = {
			isa = XCBuildConfiguration;
			buildSettings = {
				ALWAYS_SEARCH_USER_PATHS = NO;
				CLANG_CXX_LANGUAGE_STANDARD = "gnu++0x";
				CLANG_CXX_LIBRARY = "libc++";
				CLANG_ENABLE_MODULES = YES;
				CLANG_ENABLE_OBJC_ARC = YES;
				CLANG_WARN_BOOL_CONVERSION = YES;
				CLANG_WARN_CONSTANT_CONVERSION = YES;
				CLANG_WARN_DIRECT_OBJC_ISA_USAGE = YES_ERROR;
				CLANG_WARN_EMPTY_BODY = YES;
				CLANG_WARN_ENUM_CONVERSION = YES;
				CLANG_WARN_INT_CONVERSION = YES;
				CLANG_WARN_OBJC_ROOT_CLASS = YES_ERROR;
				CLANG_WARN_UNREACHABLE_CODE = YES;
				CLANG_WARN__DUPLICATE_METHOD_MATCH = YES;
				"CODE_SIGN_IDENTITY[sdk=iphoneos*]" = "iPhone Developer";
				COPY_PHASE_STRIP = NO;
				DEBUG_INFORMATION_FORMAT = "dwarf-with-dsym";
				ENABLE_NS_ASSERTIONS = NO;
				ENABLE_STRICT_OBJC_MSGSEND = YES;
				GCC_C_LANGUAGE_STANDARD = gnu99;
				GCC_NO_COMMON_BLOCKS = YES;
				GCC_WARN_64_TO_32_BIT_CONVERSION = YES;
				GCC_WARN_ABOUT_RETURN_TYPE = YES_ERROR;
				GCC_WARN_UNDECLARED_SELECTOR = YES;
				GCC_WARN_UNINITIALIZED_AUTOS = YES_AGGRESSIVE;
				GCC_WARN_UNUSED_FUNCTION = YES;
				GCC_WARN_UNUSED_VARIABLE = YES;
				IPHONEOS_DEPLOYMENT_TARGET = 8.4;
				MTL_ENABLE_DEBUG_INFO = NO;
				SDKROOT = iphoneos;
				VALIDATE_PRODUCT = YES;
			};
			name = Release;
		};
		3FA9538A1BA8BA2E000D2E0D /* Debug */ = {
			isa = XCBuildConfiguration;
			buildSettings = {
				ASSETCATALOG_COMPILER_APPICON_NAME = AppIcon;
				INFOPLIST_FILE = MemeMe/Info.plist;
				LD_RUNPATH_SEARCH_PATHS = "$(inherited) @executable_path/Frameworks";
				PRODUCT_BUNDLE_IDENTIFIER = "com.thm.$(PRODUCT_NAME:rfc1034identifier)";
				PRODUCT_NAME = "$(TARGET_NAME)";
			};
			name = Debug;
		};
		3FA9538B1BA8BA2E000D2E0D /* Release */ = {
			isa = XCBuildConfiguration;
			buildSettings = {
				ASSETCATALOG_COMPILER_APPICON_NAME = AppIcon;
				INFOPLIST_FILE = MemeMe/Info.plist;
				LD_RUNPATH_SEARCH_PATHS = "$(inherited) @executable_path/Frameworks";
				PRODUCT_BUNDLE_IDENTIFIER = "com.thm.$(PRODUCT_NAME:rfc1034identifier)";
				PRODUCT_NAME = "$(TARGET_NAME)";
			};
			name = Release;
		};
		3FA9538D1BA8BA2E000D2E0D /* Debug */ = {
			isa = XCBuildConfiguration;
			buildSettings = {
				BUNDLE_LOADER = "$(TEST_HOST)";
				FRAMEWORK_SEARCH_PATHS = (
					"$(SDKROOT)/Developer/Library/Frameworks",
					"$(inherited)",
				);
				GCC_PREPROCESSOR_DEFINITIONS = (
					"DEBUG=1",
					"$(inherited)",
				);
				INFOPLIST_FILE = MemeMeTests/Info.plist;
				LD_RUNPATH_SEARCH_PATHS = "$(inherited) @executable_path/Frameworks @loader_path/Frameworks";
				PRODUCT_BUNDLE_IDENTIFIER = "com.thm.$(PRODUCT_NAME:rfc1034identifier)";
				PRODUCT_NAME = "$(TARGET_NAME)";
				TEST_HOST = "$(BUILT_PRODUCTS_DIR)/MemeMe.app/MemeMe";
			};
			name = Debug;
		};
		3FA9538E1BA8BA2E000D2E0D /* Release */ = {
			isa = XCBuildConfiguration;
			buildSettings = {
				BUNDLE_LOADER = "$(TEST_HOST)";
				FRAMEWORK_SEARCH_PATHS = (
					"$(SDKROOT)/Developer/Library/Frameworks",
					"$(inherited)",
				);
				INFOPLIST_FILE = MemeMeTests/Info.plist;
				LD_RUNPATH_SEARCH_PATHS = "$(inherited) @executable_path/Frameworks @loader_path/Frameworks";
				PRODUCT_BUNDLE_IDENTIFIER = "com.thm.$(PRODUCT_NAME:rfc1034identifier)";
				PRODUCT_NAME = "$(TARGET_NAME)";
				TEST_HOST = "$(BUILT_PRODUCTS_DIR)/MemeMe.app/MemeMe";
			};
			name = Release;
		};
/* End XCBuildConfiguration section */

/* Begin XCConfigurationList section */
		3FA953651BA8BA2D000D2E0D /* Build configuration list for PBXProject "MemeMe" */ = {
			isa = XCConfigurationList;
			buildConfigurations = (
				3FA953871BA8BA2E000D2E0D /* Debug */,
				3FA953881BA8BA2E000D2E0D /* Release */,
			);
			defaultConfigurationIsVisible = 0;
			defaultConfigurationName = Release;
		};
		3FA953891BA8BA2E000D2E0D /* Build configuration list for PBXNativeTarget "MemeMe" */ = {
			isa = XCConfigurationList;
			buildConfigurations = (
				3FA9538A1BA8BA2E000D2E0D /* Debug */,
				3FA9538B1BA8BA2E000D2E0D /* Release */,
			);
			defaultConfigurationIsVisible = 0;
			defaultConfigurationName = Release;
		};
		3FA9538C1BA8BA2E000D2E0D /* Build configuration list for PBXNativeTarget "MemeMeTests" */ = {
			isa = XCConfigurationList;
			buildConfigurations = (
				3FA9538D1BA8BA2E000D2E0D /* Debug */,
				3FA9538E1BA8BA2E000D2E0D /* Release */,
			);
			defaultConfigurationIsVisible = 0;
			defaultConfigurationName = Release;
		};
/* End XCConfigurationList section */
	};
	rootObject = 3FA953621BA8BA2D000D2E0D /* Project object */;
}
